
Microsoft Visual Studio Solution File, Format Version 12.00
# Visual Studio Version 16
VisualStudioVersion = 16.0.30523.141
MinimumVisualStudioVersion = 10.0.40219.1
Project("{FAE04EC0-301F-11D3-BF4B-00C04F79EFBC}") = "Curs 3", "Curs 3.csproj", "{3EE6B80C-C2C8-47F6-9130-9BB103FB579F}"
EndProject
Global
	GlobalSection(SolutionConfigurationPlatforms) = preSolution
		Debug|Any CPU = Debug|Any CPU
		Release|Any CPU = Release|Any CPU
	EndGlobalSection
	GlobalSection(ProjectConfigurationPlatforms) = postSolution
		{3EE6B80C-C2C8-47F6-9130-9BB103FB579F}.Debug|Any CPU.ActiveCfg = Debug|Any CPU
		{3EE6B80C-C2C8-47F6-9130-9BB103FB579F}.Debug|Any CPU.Build.0 = Debug|Any CPU
		{3EE6B80C-C2C8-47F6-9130-9BB103FB579F}.Release|Any CPU.ActiveCfg = Release|Any CPU
		{3EE6B80C-C2C8-47F6-9130-9BB103FB579F}.Release|Any CPU.Build.0 = Release|Any CPU
	EndGlobalSection
	GlobalSection(SolutionProperties) = preSolution
		HideSolutionNode = FALSE
	EndGlobalSection
	GlobalSection(ExtensibilityGlobals) = postSolution
		SolutionGuid = {7F055DBE-3BC1-4083-88BC-D0E854FE15D8}
	EndGlobalSection
EndGlobal
