
Microsoft Visual Studio Solution File, Format Version 12.00
# Visual Studio Version 16
VisualStudioVersion = 16.0.30523.141
MinimumVisualStudioVersion = 10.0.40219.1
Project("{FAE04EC0-301F-11D3-BF4B-00C04F79EFBC}") = "Curs 4", "Curs 4.csproj", "{3BEBA11D-976E-4C11-AB37-B9F61F6F2DC4}"
EndProject
Global
	GlobalSection(SolutionConfigurationPlatforms) = preSolution
		Debug|Any CPU = Debug|Any CPU
		Release|Any CPU = Release|Any CPU
	EndGlobalSection
	GlobalSection(ProjectConfigurationPlatforms) = postSolution
		{3BEBA11D-976E-4C11-AB37-B9F61F6F2DC4}.Debug|Any CPU.ActiveCfg = Debug|Any CPU
		{3BEBA11D-976E-4C11-AB37-B9F61F6F2DC4}.Debug|Any CPU.Build.0 = Debug|Any CPU
		{3BEBA11D-976E-4C11-AB37-B9F61F6F2DC4}.Release|Any CPU.ActiveCfg = Release|Any CPU
		{3BEBA11D-976E-4C11-AB37-B9F61F6F2DC4}.Release|Any CPU.Build.0 = Release|Any CPU
	EndGlobalSection
	GlobalSection(SolutionProperties) = preSolution
		HideSolutionNode = FALSE
	EndGlobalSection
	GlobalSection(ExtensibilityGlobals) = postSolution
		SolutionGuid = {085E1E91-1076-4747-B16E-E1F34D9A8022}
	EndGlobalSection
EndGlobal
